
Microsoft Visual Studio Solution File, Format Version 12.00
# Visual Studio Version 17
VisualStudioVersion = 17.8.34525.116
MinimumVisualStudioVersion = 10.0.40219.1
Project("{FAE04EC0-301F-11D3-BF4B-00C04F79EFBC}") = "Ejemplo de MVC2", "Ejemplo de MVC2\Ejemplo de MVC2.csproj", "{3891E29C-A938-4AC9-B4AB-1B0DE06A26B2}"
EndProject
Global
	GlobalSection(SolutionConfigurationPlatforms) = preSolution
		Debug|Any CPU = Debug|Any CPU
		Release|Any CPU = Release|Any CPU
	EndGlobalSection
	GlobalSection(ProjectConfigurationPlatforms) = postSolution
		{3891E29C-A938-4AC9-B4AB-1B0DE06A26B2}.Debug|Any CPU.ActiveCfg = Debug|Any CPU
		{3891E29C-A938-4AC9-B4AB-1B0DE06A26B2}.Debug|Any CPU.Build.0 = Debug|Any CPU
		{3891E29C-A938-4AC9-B4AB-1B0DE06A26B2}.Release|Any CPU.ActiveCfg = Release|Any CPU
		{3891E29C-A938-4AC9-B4AB-1B0DE06A26B2}.Release|Any CPU.Build.0 = Release|Any CPU
	EndGlobalSection
	GlobalSection(SolutionProperties) = preSolution
		HideSolutionNode = FALSE
	EndGlobalSection
	GlobalSection(ExtensibilityGlobals) = postSolution
		SolutionGuid = {77948FD4-5C56-404D-A444-14CC0D7A491C}
	EndGlobalSection
EndGlobal
